
Microsoft Visual Studio Solution File, Format Version 12.00
# Visual Studio Version 17
VisualStudioVersion = 17.13.35828.75 d17.13
MinimumVisualStudioVersion = 10.0.40219.1
Project("{FAE04EC0-301F-11D3-BF4B-00C04F79EFBC}") = "Sistema_de_Vehiculos", "Sistema_de_Vehiculos\Sistema_de_Vehiculos.csproj", "{3A78C3DB-6769-404F-90F9-1EAF5FA30B7F}"
EndProject
Global
	GlobalSection(SolutionConfigurationPlatforms) = preSolution
		Debug|Any CPU = Debug|Any CPU
		Release|Any CPU = Release|Any CPU
	EndGlobalSection
	GlobalSection(ProjectConfigurationPlatforms) = postSolution
		{3A78C3DB-6769-404F-90F9-1EAF5FA30B7F}.Debug|Any CPU.ActiveCfg = Debug|Any CPU
		{3A78C3DB-6769-404F-90F9-1EAF5FA30B7F}.Debug|Any CPU.Build.0 = Debug|Any CPU
		{3A78C3DB-6769-404F-90F9-1EAF5FA30B7F}.Release|Any CPU.ActiveCfg = Release|Any CPU
		{3A78C3DB-6769-404F-90F9-1EAF5FA30B7F}.Release|Any CPU.Build.0 = Release|Any CPU
	EndGlobalSection
	GlobalSection(SolutionProperties) = preSolution
		HideSolutionNode = FALSE
	EndGlobalSection
	GlobalSection(ExtensibilityGlobals) = postSolution
		SolutionGuid = {8652CDDD-82A3-4E1F-87C0-A3FD1E6A96CE}
	EndGlobalSection
EndGlobal
